
Microsoft Visual Studio Solution File, Format Version 12.00
# Visual Studio Version 17
VisualStudioVersion = 17.14.36121.58 d17.14
MinimumVisualStudioVersion = 10.0.40219.1
Project("{FAE04EC0-301F-11D3-BF4B-00C04F79EFBC}") = "ConsoleAppAula1", "ConsoleAppAula1\ConsoleAppAula1.csproj", "{A5C9E631-AA5D-4AF3-8ECC-D2887846E4F2}"
EndProject
Global
	GlobalSection(SolutionConfigurationPlatforms) = preSolution
		Debug|Any CPU = Debug|Any CPU
		Release|Any CPU = Release|Any CPU
	EndGlobalSection
	GlobalSection(ProjectConfigurationPlatforms) = postSolution
		{A5C9E631-AA5D-4AF3-8ECC-D2887846E4F2}.Debug|Any CPU.ActiveCfg = Debug|Any CPU
		{A5C9E631-AA5D-4AF3-8ECC-D2887846E4F2}.Debug|Any CPU.Build.0 = Debug|Any CPU
		{A5C9E631-AA5D-4AF3-8ECC-D2887846E4F2}.Release|Any CPU.ActiveCfg = Release|Any CPU
		{A5C9E631-AA5D-4AF3-8ECC-D2887846E4F2}.Release|Any CPU.Build.0 = Release|Any CPU
	EndGlobalSection
	GlobalSection(SolutionProperties) = preSolution
		HideSolutionNode = FALSE
	EndGlobalSection
	GlobalSection(ExtensibilityGlobals) = postSolution
		SolutionGuid = {3358243C-024C-44A0-85E0-BC3315D99F14}
	EndGlobalSection
EndGlobal
